{
  "name": "pdf",
  "version": "1.0.0",
  "lockfileVersion": 1,
  "requires": true,
  "dependencies": {
    "easy-pdf-merge": {
      "version": "0.1.3",
      "resolved": "https://registry.npmjs.org/easy-pdf-merge/-/easy-pdf-merge-0.1.3.tgz",
      "integrity": "sha1-dBx0og2BY+DQHA2qOzTHWqzjdLM="
    }
  }
}
